{
  "name": "remix-test-plugin",
  "version": "1.0.0",
  "lockfileVersion": 3,
  "requires": true,
  "packages": {
    "": {
      "name": "remix-test-plugin",
      "version": "1.0.0",
      "license": "ISC",
      "dependencies": {
        "@remixproject/plugin-iframe": "^0.3.38"
      }
    },
    "node_modules/@remixproject/plugin": {
      "version": "0.3.38",
      "resolved": "https://registry.npmjs.org/@remixproject/plugin/-/plugin-0.3.38.tgz",
      "integrity": "sha512-zXzacMqVJtGHNr3RHkMPTD1sN7L091O9pdAm5hRsKhm/1mwlaCuqjoUZR5XJ6dc9TGjZhTTLPSTeCfx4AxvjRg==",
      "dependencies": {
        "@remixproject/plugin-api": "0.3.38",
        "@remixproject/plugin-utils": "0.3.38",
        "events": "3.2.0"
      }
    },
    "node_modules/@remixproject/plugin-api": {
      "version": "0.3.38",
      "resolved": "https://registry.npmjs.org/@remixproject/plugin-api/-/plugin-api-0.3.38.tgz",
      "integrity": "sha512-GLXAnV7TMYV2KlXTml+W0H6s0m5EkVb5w610Jh9k4PLFVrocl9xDEG4VlZ8BF/uv+yjXRi4dn++8zWMRe5375Q==",
      "dependencies": {
        "@remixproject/plugin-utils": "0.3.38"
      }
    },
    "node_modules/@remixproject/plugin-iframe": {
      "version": "0.3.38",
      "resolved": "https://registry.npmjs.org/@remixproject/plugin-iframe/-/plugin-iframe-0.3.38.tgz",
      "integrity": "sha512-DgxIkrdw+QArrMITqXr9WK1wR4d5OAg+0hLcoyedgwTfgpIOuHS9t0Gd7pWLthkCQ2edf2ISWmgyvVXhcJbiPw==",
      "dependencies": {
        "@remixproject/plugin": "0.3.38",
        "@remixproject/plugin-api": "0.3.38",
        "@remixproject/plugin-utils": "0.3.38"
      }
    },
    "node_modules/@remixproject/plugin-utils": {
      "version": "0.3.38",
      "resolved": "https://registry.npmjs.org/@remixproject/plugin-utils/-/plugin-utils-0.3.38.tgz",
      "integrity": "sha512-DpbB+BFfWvZ/pKWlXY0Ms3mqp/ajWxBI+TUiJor2AkLtCSBS1+Uk7BWG++jNSqgjdvVKxxWa4kJygFwUPtUYXA==",
      "dependencies": {
        "tslib": "2.0.1"
      }
    },
    "node_modules/events": {
      "version": "3.2.0",
      "resolved": "https://registry.npmjs.org/events/-/events-3.2.0.tgz",
      "integrity": "sha512-/46HWwbfCX2xTawVfkKLGxMifJYQBWMwY1mjywRtb4c9x8l5NP3KoJtnIOiL1hfdRkIuYhETxQlo62IF8tcnlg==",
      "engines": {
        "node": ">=0.8.x"
      }
    },
    "node_modules/tslib": {
      "version": "2.0.1",
      "resolved": "https://registry.npmjs.org/tslib/-/tslib-2.0.1.tgz",
      "integrity": "sha512-SgIkNheinmEBgx1IUNirK0TUD4X9yjjBRTqqjggWCU3pUEqIk3/Uwl3yRixYKT6WjQuGiwDv4NomL3wqRCj+CQ=="
    }
  }
}
